# This is a Gradle generated file for dependency locking.
# Manual edits can break the build and are not advised.
# This file is expected to be part of source control.
antlr:antlr:2.7.7=runtimeClasspath,testRuntimeClasspath
ch.ehi:ehibasics:1.3.0=compileClasspath,testCompileClasspath
ch.ehi:ehibasics:1.4.1=runtimeClasspath,testRuntimeClasspath
ch.interlis:ili2c-core:5.6.8=compileClasspath,runtimeClasspath,testCompileClasspath,testRuntimeClasspath
ch.interlis:ili2c-tool:5.6.8=runtimeClasspath,testRuntimeClasspath
ch.interlis:iox-api:1.0.3=compileClasspath,runtimeClasspath,testCompileClasspath,testRuntimeClasspath
ch.interlis:iox-ibx:0.2.0-SNAPSHOT=compileClasspath,ibxSources,runtimeClasspath,testCompileClasspath,testRuntimeClasspath
ch.interlis:iox-ili:1.24.4=compileClasspath,runtimeClasspath,testCompileClasspath,testRuntimeClasspath
com.fasterxml.jackson.core:jackson-annotations:2.22=compileClasspath,runtimeClasspath,testCompileClasspath,testRuntimeClasspath
com.fasterxml.jackson.core:jackson-core:2.22.2=compileClasspath,runtimeClasspath,testCompileClasspath,testRuntimeClasspath
com.fasterxml.jackson.core:jackson-databind:2.22.2=compileClasspath,runtimeClasspath,testCompileClasspath,testRuntimeClasspath
com.fasterxml.jackson.dataformat:jackson-dataformat-cbor:2.22.2=compileClasspath,runtimeClasspath,testCompileClasspath,testRuntimeClasspath
com.fasterxml.jackson:jackson-bom:2.22.2=compileClasspath,runtimeClasspath,testCompileClasspath,testRuntimeClasspath
com.fasterxml.woodstox:woodstox-core:7.2.2=runtimeClasspath,testRuntimeClasspath
com.github.luben:zstd-jni:1.5.7-16=compileClasspath,runtimeClasspath,testCompileClasspath,testRuntimeClasspath
com.sun.xml.bind:jaxb-core:2.3.0.1=runtimeClasspath,testRuntimeClasspath
com.sun.xml.bind:jaxb-impl:2.3.2=runtimeClasspath,testRuntimeClasspath
com.vividsolutions:jts-core:1.14.0=compileClasspath,runtimeClasspath,testCompileClasspath,testRuntimeClasspath
info.picocli:picocli:4.7.7=compileClasspath,runtimeClasspath,testCompileClasspath,testRuntimeClasspath
javax.activation:activation:1.1.1=runtimeClasspath,testRuntimeClasspath
javax.activation:javax.activation-api:1.2.0=runtimeClasspath,testRuntimeClasspath
javax.xml.bind:jaxb-api:2.3.1=runtimeClasspath,testRuntimeClasspath
junit:junit:4.13.2=testCompileClasspath,testRuntimeClasspath
net.iharder:base64:2.3.9=compileClasspath,runtimeClasspath,testCompileClasspath,testRuntimeClasspath
org.codehaus.woodstox:stax2-api:4.3.0=runtimeClasspath,testRuntimeClasspath
org.hamcrest:hamcrest-core:1.3=testCompileClasspath,testRuntimeClasspath
empty=annotationProcessor,testAnnotationProcessor
